Microsoft Visual Studio Solution File, Format Version 8.00
Project("{8BC9CEB8-8B4A-11D0-8D11-00A0C91BC942}") = "Lesson503", "Lesson503.vcproj", "{6340790D-5B29-EF85-B4F8-1ACA1AB82114}"
	ProjectSection(ProjectDependencies) = postProject
	EndProjectSection
EndProject
Global
	GlobalSection(SolutionConfiguration) = preSolution
		Debug = Debug
		Release = Release
	EndGlobalSection
	GlobalSection(ProjectConfiguration) = postSolution
		{6340790D-5B29-EF85-B4F8-1ACA1AB82114}.Debug.ActiveCfg = Debug|Win32
		{6340790D-5B29-EF85-B4F8-1ACA1AB82114}.Debug.Build.0 = Debug|Win32
		{6340790D-5B29-EF85-B4F8-1ACA1AB82114}.Release.ActiveCfg = Release|Win32
		{6340790D-5B29-EF85-B4F8-1ACA1AB82114}.Release.Build.0 = Release|Win32
	EndGlobalSection
	GlobalSection(ExtensibilityGlobals) = postSolution
	EndGlobalSection
	GlobalSection(ExtensibilityAddIns) = postSolution
	EndGlobalSection
EndGlobal
