Microsoft Visual Studio Solution File, Format Version 8.00
Project("{8BC9CEB8-8B4A-11D0-8D11-00A0C91BC942}") = "Lesson206", "Lesson206.vcproj", "{373C28A4-E78B-3C39-C4BF-6198DC368395}"
	ProjectSection(ProjectDependencies) = postProject
	EndProjectSection
EndProject
Global
	GlobalSection(SolutionConfiguration) = preSolution
		Debug = Debug
		Release = Release
	EndGlobalSection
	GlobalSection(ProjectConfiguration) = postSolution
		{373C28A4-E78B-3C39-C4BF-6198DC368395}.Debug.ActiveCfg = Debug|Win32
		{373C28A4-E78B-3C39-C4BF-6198DC368395}.Debug.Build.0 = Debug|Win32
		{373C28A4-E78B-3C39-C4BF-6198DC368395}.Release.ActiveCfg = Release|Win32
		{373C28A4-E78B-3C39-C4BF-6198DC368395}.Release.Build.0 = Release|Win32
	EndGlobalSection
	GlobalSection(ExtensibilityGlobals) = postSolution
	EndGlobalSection
	GlobalSection(ExtensibilityAddIns) = postSolution
	EndGlobalSection
EndGlobal
