Microsoft Visual Studio Solution File, Format Version 8.00
Project("{8BC9CEB8-8B4A-11D0-8D11-00A0C91BC942}") = "Lesson210", "Lesson210.vcproj", "{C440C6AB-01D4-C225-AD5F-95EDC3F11F7D}"
	ProjectSection(ProjectDependencies) = postProject
	EndProjectSection
EndProject
Global
	GlobalSection(SolutionConfiguration) = preSolution
		Debug = Debug
		Release = Release
	EndGlobalSection
	GlobalSection(ProjectConfiguration) = postSolution
		{C440C6AB-01D4-C225-AD5F-95EDC3F11F7D}.Debug.ActiveCfg = Debug|Win32
		{C440C6AB-01D4-C225-AD5F-95EDC3F11F7D}.Debug.Build.0 = Debug|Win32
		{C440C6AB-01D4-C225-AD5F-95EDC3F11F7D}.Release.ActiveCfg = Release|Win32
		{C440C6AB-01D4-C225-AD5F-95EDC3F11F7D}.Release.Build.0 = Release|Win32
	EndGlobalSection
	GlobalSection(ExtensibilityGlobals) = postSolution
	EndGlobalSection
	GlobalSection(ExtensibilityAddIns) = postSolution
	EndGlobalSection
EndGlobal
